
Microsoft Visual Studio Solution File, Format Version 12.00
# Visual Studio Version 17
VisualStudioVersion = 17.5.33424.131
MinimumVisualStudioVersion = 10.0.40219.1
Project("{FAE04EC0-301F-11D3-BF4B-00C04F79EFBC}") = "Pracownicy", "PracownicyMVP\PracownicyMVP.csproj", "{FEBADC38-F111-45CF-91C6-771D8A24C3DA}"
EndProject
Global
	GlobalSection(SolutionConfigurationPlatforms) = preSolution
		Debug|Any CPU = Debug|Any CPU
		Release|Any CPU = Release|Any CPU
	EndGlobalSection
	GlobalSection(ProjectConfigurationPlatforms) = postSolution
		{FEBADC38-F111-45CF-91C6-771D8A24C3DA}.Debug|Any CPU.ActiveCfg = Debug|Any CPU
		{FEBADC38-F111-45CF-91C6-771D8A24C3DA}.Debug|Any CPU.Build.0 = Debug|Any CPU
		{FEBADC38-F111-45CF-91C6-771D8A24C3DA}.Release|Any CPU.ActiveCfg = Release|Any CPU
		{FEBADC38-F111-45CF-91C6-771D8A24C3DA}.Release|Any CPU.Build.0 = Release|Any CPU
	EndGlobalSection
	GlobalSection(SolutionProperties) = preSolution
		HideSolutionNode = FALSE
	EndGlobalSection
	GlobalSection(ExtensibilityGlobals) = postSolution
		SolutionGuid = {7058986F-39CE-402A-96BE-244C8D5B7216}
	EndGlobalSection
EndGlobal
